
Microsoft Visual Studio Solution File, Format Version 12.00
# Visual Studio 2012
Project("{8BC9CEB8-8B4A-11D0-8D11-00A0C91BC942}") = "MeTest1.2", "MeTest1.2.vcxproj", "{F49B1111-7DA0-4124-86CD-439D1536EF23}"
EndProject
Global
	GlobalSection(SolutionConfigurationPlatforms) = preSolution
		Debug|Win32 = Debug|Win32
		Release|Win32 = Release|Win32
	EndGlobalSection
	GlobalSection(ProjectConfigurationPlatforms) = postSolution
		{F49B1111-7DA0-4124-86CD-439D1536EF23}.Debug|Win32.ActiveCfg = Debug|Win32
		{F49B1111-7DA0-4124-86CD-439D1536EF23}.Debug|Win32.Build.0 = Debug|Win32
		{F49B1111-7DA0-4124-86CD-439D1536EF23}.Release|Win32.ActiveCfg = Release|Win32
		{F49B1111-7DA0-4124-86CD-439D1536EF23}.Release|Win32.Build.0 = Release|Win32
	EndGlobalSection
	GlobalSection(SolutionProperties) = preSolution
		HideSolutionNode = FALSE
	EndGlobalSection
EndGlobal
