<?xml version="1.0" encoding="utf-8"?>
<Project ToolsVersion="4.0" xmlns="http://schemas.microsoft.com/developer/msbuild/2003">
  <ItemGroup>
    <ClCompile Include="main.cpp" />
    <ClCompile Include="Gear.cpp" />
    <ClCompile Include="GearSystem.cpp" />
    <ClCompile Include="Lerper.cpp" />
    <ClCompile Include="Walls.cpp" />
    <ClCompile Include="Instructions.cpp" />
    <ClCompile Include="BubbleEffect.cpp">
      <Filter>ParticleEffects</Filter>
    </ClCompile>
    <ClCompile Include="..\Engine\ParticleEffect.cpp">
      <Filter>ParticleEffects</Filter>
    </ClCompile>
    <ClCompile Include="ParticleSystem.cpp">
      <Filter>ParticleEffects</Filter>
    </ClCompile>
    <ClCompile Include="Missile.cpp">
      <Filter>ShipStuff</Filter>
    </ClCompile>
    <ClCompile Include="Turret.cpp">
      <Filter>ShipStuff</Filter>
    </ClCompile>
    <ClCompile Include="SpaceShip.cpp">
      <Filter>ShipStuff</Filter>
    </ClCompile>
    <ClCompile Include="Control.cpp" />
    <ClCompile Include="Timer.cpp" />
    <ClCompile Include="BinaryWaveEffect.cpp">
      <Filter>ParticleEffects</Filter>
    </ClCompile>
    <ClCompile Include="OpeningSplash.cpp">
      <Filter>ParticleEffects</Filter>
    </ClCompile>
    <ClCompile Include="Enemy.cpp" />
    <ClCompile Include="MissileAmmo.cpp">
      <Filter>ShipStuff</Filter>
    </ClCompile>
    <ClCompile Include="EnemyLegion.cpp" />
    <ClCompile Include="ExplosionEffect.cpp" />
  </ItemGroup>
  <ItemGroup>
    <ClInclude Include="Gear.h" />
    <ClInclude Include="ScreenInfo.h" />
    <ClInclude Include="GearSystem.h" />
    <ClInclude Include="Lerper.h" />
    <ClInclude Include="Walls.h" />
    <ClInclude Include="Instructions.h" />
    <ClInclude Include="BubbleEffect.h">
      <Filter>ParticleEffects</Filter>
    </ClInclude>
    <ClInclude Include="..\Engine\ParticleEffect.h">
      <Filter>ParticleEffects</Filter>
    </ClInclude>
    <ClInclude Include="ParticleSystem.h">
      <Filter>ParticleEffects</Filter>
    </ClInclude>
    <ClInclude Include="Missile.h">
      <Filter>ShipStuff</Filter>
    </ClInclude>
    <ClInclude Include="Turret.h">
      <Filter>ShipStuff</Filter>
    </ClInclude>
    <ClInclude Include="SpaceShip.h">
      <Filter>ShipStuff</Filter>
    </ClInclude>
    <ClInclude Include="Control.h" />
    <ClInclude Include="Timer.h" />
    <ClInclude Include="BinaryWaveEffect.h">
      <Filter>ParticleEffects</Filter>
    </ClInclude>
    <ClInclude Include="OpeningSplash.h">
      <Filter>ParticleEffects</Filter>
    </ClInclude>
    <ClInclude Include="Enemy.h" />
    <ClInclude Include="MissileAmmo.h">
      <Filter>ShipStuff</Filter>
    </ClInclude>
    <ClInclude Include="EnemyLegion.h" />
    <ClInclude Include="ExplosionEffect.h" />
  </ItemGroup>
  <ItemGroup>
    <Filter Include="ParticleEffects">
      <UniqueIdentifier>{701b2c87-2e54-43e7-a75c-992b5c9c816e}</UniqueIdentifier>
    </Filter>
    <Filter Include="ShipStuff">
      <UniqueIdentifier>{ab615d83-0867-4497-ab63-039a406f5bb9}</UniqueIdentifier>
    </Filter>
  </ItemGroup>
  <ItemGroup>
    <None Include="gameprofile.csv" />
  </ItemGroup>
</Project>