<?xml version="1.0" encoding="utf-8"?>
<Project ToolsVersion="4.0" xmlns="http://schemas.microsoft.com/developer/msbuild/2003">
  <ItemGroup>
    <ClInclude Include="FullDisplay.h" />
    <ClInclude Include="GameWindow.h" />
    <ClInclude Include="resource.h" />
    <ClInclude Include="Character.h" />
  </ItemGroup>
  <ItemGroup>
    <ClCompile Include="FullDisplay.cpp" />
    <ClCompile Include="GameWindow.cpp" />
    <ClCompile Include="Main.cpp" />
    <ClCompile Include="FullDisplay_moc.cpp" />
    <ClCompile Include="GameWindow_moc.cpp" />
    <ClCompile Include="DebugShapes_moc.cpp" />
    <ClCompile Include="GeneralGLWindow_moc.cpp" />
    <ClCompile Include="Character.cpp" />
    <ClCompile Include="DebugSlider_moc.cpp" />
  </ItemGroup>
  <ItemGroup>
    <ResourceCompile Include="PathingGame.rc" />
  </ItemGroup>
</Project>