<?xml version="1.0" encoding="utf-8"?>
<Project ToolsVersion="4.0" xmlns="http://schemas.microsoft.com/developer/msbuild/2003">
  <ItemGroup>
    <ClCompile Include="TheMain.cpp" />
    <ClCompile Include="CoolGLWindow.cpp" />
    <ClCompile Include="CoolGLWindow_moc.cpp" />
    <ClCompile Include="Camera.cpp" />
    <ClCompile Include="DebugSlider.cpp" />
    <ClCompile Include="FullWidget.cpp" />
    <ClCompile Include="DebugSlider_moc.cpp" />
    <ClCompile Include="FullWidget_moc.cpp" />
  </ItemGroup>
  <ItemGroup>
    <ClInclude Include="CoolGLWindow.h" />
    <ClInclude Include="Header.h" />
    <ClInclude Include="Camera.h" />
    <ClInclude Include="DebugSlider.h" />
    <ClInclude Include="FullWidget.h" />
  </ItemGroup>
  <ItemGroup>
    <None Include="VertexShaderCode.glsl" />
    <None Include="FragmentShaderCode.glsl" />
  </ItemGroup>
</Project>