<?xml version="1.0" encoding="utf-8"?>
<Project ToolsVersion="4.0" xmlns="http://schemas.microsoft.com/developer/msbuild/2003">
  <ItemGroup>
    <ClInclude Include="InputActions.h" />
    <ClInclude Include="KeyMap.h" />
    <ClInclude Include="ControllerComponent.h" />
    <ClInclude Include="MainWindow.h" />
    <ClInclude Include="CellStateComponent.h" />
    <ClInclude Include="GridCellContainer.h" />
  </ItemGroup>
  <ItemGroup>
    <ClCompile Include="KeyMap.cpp" />
    <ClCompile Include="ControllerComponent.cpp" />
    <ClCompile Include="MainWindow.cpp" />
    <ClCompile Include="ComboBox_moc.cpp" />
    <ClCompile Include="CheckBox_moc.cpp" />
    <ClCompile Include="DebugMenu_moc.cpp" />
    <ClCompile Include="DebugShapes_moc.cpp" />
    <ClCompile Include="DebugSlider_moc.cpp" />
    <ClCompile Include="FloatSlider_moc.cpp" />
    <ClCompile Include="GeneralGLWindow_moc.cpp" />
    <ClCompile Include="IntSlider_moc.cpp" />
    <ClCompile Include="TrackingFloat_moc.cpp" />
    <ClCompile Include="Vec3Slider_moc.cpp" />
    <ClCompile Include="Main.cpp" />
    <ClCompile Include="MainWindow_moc.cpp" />
    <ClCompile Include="ClickBoxComponent_moc.cpp" />
    <ClCompile Include="CellStateComponent.cpp" />
    <ClCompile Include="CellStateComponent_moc.cpp" />
    <ClCompile Include="GridCellContainer.cpp" />
    <ClCompile Include="GridCellContainer_moc.cpp" />
  </ItemGroup>
  <ItemGroup>
    <None Include="ObjToBinaryWriter.exe" />
  </ItemGroup>
</Project>