
Microsoft Visual Studio Solution File, Format Version 12.00
# Visual Studio 2012
Project("{8BC9CEB8-8B4A-11D0-8D11-00A0C91BC942}") = "MeTest1", "MeTest1.vcxproj", "{D86D5C5E-797F-40C7-8C7D-D69E5FD99DDE}"
EndProject
Global
	GlobalSection(SolutionConfigurationPlatforms) = preSolution
		Debug|Win32 = Debug|Win32
		Release|Win32 = Release|Win32
	EndGlobalSection
	GlobalSection(ProjectConfigurationPlatforms) = postSolution
		{D86D5C5E-797F-40C7-8C7D-D69E5FD99DDE}.Debug|Win32.ActiveCfg = Debug|Win32
		{D86D5C5E-797F-40C7-8C7D-D69E5FD99DDE}.Debug|Win32.Build.0 = Debug|Win32
		{D86D5C5E-797F-40C7-8C7D-D69E5FD99DDE}.Release|Win32.ActiveCfg = Release|Win32
		{D86D5C5E-797F-40C7-8C7D-D69E5FD99DDE}.Release|Win32.Build.0 = Release|Win32
	EndGlobalSection
	GlobalSection(SolutionProperties) = preSolution
		HideSolutionNode = FALSE
	EndGlobalSection
EndGlobal
