<?xml version="1.0" encoding="utf-8"?>
<Project ToolsVersion="4.0" xmlns="http://schemas.microsoft.com/developer/msbuild/2003">
  <ItemGroup>
    <ClCompile Include="DebugShapes_moc.cpp" />
    <ClCompile Include="GeneralGLWindow_moc.cpp" />
    <ClCompile Include="Source.cpp" />
    <ClCompile Include="ScratchWindow.cpp" />
    <ClCompile Include="MapLerper.cpp" />
    <ClCompile Include="DebugMenu_moc.cpp" />
    <ClCompile Include="FloatSlider_moc.cpp" />
    <ClCompile Include="ScratchWindow_moc.cpp" />
    <ClCompile Include="DebugSlider_moc.cpp" />
    <ClCompile Include="IntSlider_moc.cpp" />
    <ClCompile Include="CheckBox_moc.cpp" />
    <ClCompile Include="Vec3Slider_moc.cpp" />
    <ClCompile Include="TrackingFloat_moc.cpp" />
    <ClCompile Include="ComboBox_moc.cpp" />
  </ItemGroup>
  <ItemGroup>
    <ClInclude Include="ScratchWindow.h" />
    <ClInclude Include="MapLerper.h" />
  </ItemGroup>
  <ItemGroup>
    <None Include="ObjToBinaryWriter.exe" />
  </ItemGroup>
</Project>