<?xml version="1.0" encoding="utf-8"?>
<Project ToolsVersion="4.0" xmlns="http://schemas.microsoft.com/developer/msbuild/2003">
  <ItemGroup>
    <ClInclude Include="Particle.h" />
    <ClInclude Include="DebugSlider.h" />
    <ClInclude Include="Momentum.h">
      <Filter>2-Momentum</Filter>
    </ClInclude>
    <ClInclude Include="VelocityAcceleration.h">
      <Filter>1-VelocityAcceleration</Filter>
    </ClInclude>
    <ClInclude Include="ParticleForceRegistry.h">
      <Filter>ParticleForceTools</Filter>
    </ClInclude>
    <ClInclude Include="AccumulatingForces.h">
      <Filter>3-ForceAccumulation</Filter>
    </ClInclude>
    <ClInclude Include="DragForces.h">
      <Filter>4-DragForce</Filter>
    </ClInclude>
    <ClInclude Include="SpringForces.h" />
    <ClInclude Include="ParticleDragGenerator.h">
      <Filter>ParticleForceTools\ForceGenerators</Filter>
    </ClInclude>
    <ClInclude Include="ParticleForceGenerator.h">
      <Filter>ParticleForceTools\ForceGenerators</Filter>
    </ClInclude>
    <ClInclude Include="ParticleGravityGenerator.h">
      <Filter>ParticleForceTools\ForceGenerators</Filter>
    </ClInclude>
    <ClInclude Include="ParticleKeyboardForceGenerator.h">
      <Filter>ParticleForceTools\ForceGenerators</Filter>
    </ClInclude>
    <ClInclude Include="resource.h" />
    <ClInclude Include="ParticleSpringGenerator.h" />
  </ItemGroup>
  <ItemGroup>
    <ClCompile Include="Main.cpp" />
    <ClCompile Include="Particle.cpp" />
    <ClCompile Include="DebugSlider.cpp" />
    <ClCompile Include="DebugSlider_moc.cpp" />
    <ClCompile Include="Momentum.cpp">
      <Filter>2-Momentum</Filter>
    </ClCompile>
    <ClCompile Include="Momentum_moc.cpp">
      <Filter>2-Momentum</Filter>
    </ClCompile>
    <ClCompile Include="VelocityAcceleration.cpp">
      <Filter>1-VelocityAcceleration</Filter>
    </ClCompile>
    <ClCompile Include="ParticleForceRegistry.cpp">
      <Filter>ParticleForceTools</Filter>
    </ClCompile>
    <ClCompile Include="AccumulatingForces.cpp">
      <Filter>3-ForceAccumulation</Filter>
    </ClCompile>
    <ClCompile Include="DragForces.cpp">
      <Filter>4-DragForce</Filter>
    </ClCompile>
    <ClCompile Include="DragForces_moc.cpp">
      <Filter>4-DragForce</Filter>
    </ClCompile>
    <ClCompile Include="SpringForces.cpp" />
    <ClCompile Include="ParticleDragGenerator.cpp">
      <Filter>ParticleForceTools\ForceGenerators</Filter>
    </ClCompile>
    <ClCompile Include="ParticleForceGenerator.cpp">
      <Filter>ParticleForceTools\ForceGenerators</Filter>
    </ClCompile>
    <ClCompile Include="ParticleGravityGenerator.cpp">
      <Filter>ParticleForceTools\ForceGenerators</Filter>
    </ClCompile>
    <ClCompile Include="ParticleKeyboardForceGenerator.cpp">
      <Filter>ParticleForceTools\ForceGenerators</Filter>
    </ClCompile>
    <ClCompile Include="ParticleSpringGenerator.cpp" />
    <ClCompile Include="SpringForces_moc.cpp" />
  </ItemGroup>
  <ItemGroup>
    <Filter Include="1-VelocityAcceleration">
      <UniqueIdentifier>{d5d14095-dd90-4d0b-948b-1cbc7407cbe0}</UniqueIdentifier>
    </Filter>
    <Filter Include="2-Momentum">
      <UniqueIdentifier>{3d734788-5ecd-4f25-a884-648d33c96b8b}</UniqueIdentifier>
    </Filter>
    <Filter Include="3-ForceAccumulation">
      <UniqueIdentifier>{46bc1985-248a-45e6-920b-54c302eac7f5}</UniqueIdentifier>
    </Filter>
    <Filter Include="ParticleForceTools">
      <UniqueIdentifier>{36033cf1-25a3-46af-a7b2-c058a3dd007f}</UniqueIdentifier>
    </Filter>
    <Filter Include="4-DragForce">
      <UniqueIdentifier>{ae0917c1-0563-4e17-bbd6-e7d8cb0168f8}</UniqueIdentifier>
    </Filter>
    <Filter Include="5-Springs">
      <UniqueIdentifier>{81861838-edeb-4b65-b05f-2beed9e9a576}</UniqueIdentifier>
    </Filter>
    <Filter Include="ParticleForceTools\ForceGenerators">
      <UniqueIdentifier>{4d277e64-fbd0-4f1c-94b7-c8337c83121c}</UniqueIdentifier>
    </Filter>
  </ItemGroup>
  <ItemGroup>
    <ResourceCompile Include="Physics.rc" />
  </ItemGroup>
</Project>