<?xml version="1.0" encoding="utf-8"?>
<Project ToolsVersion="4.0" xmlns="http://schemas.microsoft.com/developer/msbuild/2003">
  <ItemGroup>
    <ClInclude Include="Particle.h" />
    <ClInclude Include="DebugSlider.h" />
    <ClInclude Include="Momentum.h">
      <Filter>2-Momentum</Filter>
    </ClInclude>
    <ClInclude Include="VelocityAcceleration.h">
      <Filter>1-VelocityAcceleration</Filter>
    </ClInclude>
    <ClInclude Include="ParticleForceRegistry.h">
      <Filter>ParticleForceTools</Filter>
    </ClInclude>
    <ClInclude Include="AccumulatingForces.h">
      <Filter>3-ForceAccumulation</Filter>
    </ClInclude>
    <ClInclude Include="DragForces.h">
      <Filter>4-DragForce</Filter>
    </ClInclude>
    <ClInclude Include="ParticleDragGenerator.h">
      <Filter>ParticleForceTools\ForceGenerators</Filter>
    </ClInclude>
    <ClInclude Include="ParticleForceGenerator.h">
      <Filter>ParticleForceTools\ForceGenerators</Filter>
    </ClInclude>
    <ClInclude Include="ParticleGravityGenerator.h">
      <Filter>ParticleForceTools\ForceGenerators</Filter>
    </ClInclude>
    <ClInclude Include="ParticleKeyboardForceGenerator.h">
      <Filter>ParticleForceTools\ForceGenerators</Filter>
    </ClInclude>
    <ClInclude Include="resource.h" />
    <ClInclude Include="ParticleSpringGenerator.h">
      <Filter>ParticleForceTools\ForceGenerators</Filter>
    </ClInclude>
    <ClInclude Include="MultipleSprings.h">
      <Filter>6-MultipleSprings</Filter>
    </ClInclude>
    <ClInclude Include="FastDelegate.h" />
    <ClInclude Include="ParticleContact.h">
      <Filter>ParticleCollisionTools</Filter>
    </ClInclude>
    <ClInclude Include="SpringForces.h">
      <Filter>5-Springs</Filter>
    </ClInclude>
    <ClInclude Include="ParticleContactResolver.h">
      <Filter>ParticleCollisionTools</Filter>
    </ClInclude>
    <ClInclude Include="ParticleWorld.h" />
    <ClInclude Include="OneDCollision.h">
      <Filter>7-OneDimensionalCollision</Filter>
    </ClInclude>
    <ClInclude Include="ParticleContactGenerator.h">
      <Filter>ParticleCollisionTools</Filter>
    </ClInclude>
    <ClInclude Include="TwoDParticleContactGenerator.h">
      <Filter>ParticleCollisionTools</Filter>
    </ClInclude>
  </ItemGroup>
  <ItemGroup>
    <ClCompile Include="Main.cpp" />
    <ClCompile Include="Particle.cpp" />
    <ClCompile Include="DebugSlider.cpp" />
    <ClCompile Include="DebugSlider_moc.cpp" />
    <ClCompile Include="Momentum.cpp">
      <Filter>2-Momentum</Filter>
    </ClCompile>
    <ClCompile Include="Momentum_moc.cpp">
      <Filter>2-Momentum</Filter>
    </ClCompile>
    <ClCompile Include="VelocityAcceleration.cpp">
      <Filter>1-VelocityAcceleration</Filter>
    </ClCompile>
    <ClCompile Include="ParticleForceRegistry.cpp">
      <Filter>ParticleForceTools</Filter>
    </ClCompile>
    <ClCompile Include="AccumulatingForces.cpp">
      <Filter>3-ForceAccumulation</Filter>
    </ClCompile>
    <ClCompile Include="DragForces.cpp">
      <Filter>4-DragForce</Filter>
    </ClCompile>
    <ClCompile Include="DragForces_moc.cpp">
      <Filter>4-DragForce</Filter>
    </ClCompile>
    <ClCompile Include="ParticleDragGenerator.cpp">
      <Filter>ParticleForceTools\ForceGenerators</Filter>
    </ClCompile>
    <ClCompile Include="ParticleForceGenerator.cpp">
      <Filter>ParticleForceTools\ForceGenerators</Filter>
    </ClCompile>
    <ClCompile Include="ParticleGravityGenerator.cpp">
      <Filter>ParticleForceTools\ForceGenerators</Filter>
    </ClCompile>
    <ClCompile Include="ParticleKeyboardForceGenerator.cpp">
      <Filter>ParticleForceTools\ForceGenerators</Filter>
    </ClCompile>
    <ClCompile Include="ParticleSpringGenerator.cpp">
      <Filter>ParticleForceTools\ForceGenerators</Filter>
    </ClCompile>
    <ClCompile Include="MultipleSprings_moc.cpp">
      <Filter>6-MultipleSprings</Filter>
    </ClCompile>
    <ClCompile Include="MultipleSprings.cpp">
      <Filter>6-MultipleSprings</Filter>
    </ClCompile>
    <ClCompile Include="ParticleContact.cpp">
      <Filter>ParticleCollisionTools</Filter>
    </ClCompile>
    <ClCompile Include="SpringForces.cpp">
      <Filter>5-Springs</Filter>
    </ClCompile>
    <ClCompile Include="SpringForces_moc.cpp">
      <Filter>5-Springs</Filter>
    </ClCompile>
    <ClCompile Include="ParticleContactResolver.cpp">
      <Filter>ParticleCollisionTools</Filter>
    </ClCompile>
    <ClCompile Include="ParticleWorld.cpp" />
    <ClCompile Include="OneDCollision.cpp">
      <Filter>7-OneDimensionalCollision</Filter>
    </ClCompile>
    <ClCompile Include="ParticleContactGenerator.cpp">
      <Filter>ParticleCollisionTools</Filter>
    </ClCompile>
    <ClCompile Include="TwoDParticleContactGenerator.cpp">
      <Filter>ParticleCollisionTools</Filter>
    </ClCompile>
    <ClCompile Include="OneDCollision_moc.cpp">
      <Filter>7-OneDimensionalCollision</Filter>
    </ClCompile>
  </ItemGroup>
  <ItemGroup>
    <Filter Include="1-VelocityAcceleration">
      <UniqueIdentifier>{d5d14095-dd90-4d0b-948b-1cbc7407cbe0}</UniqueIdentifier>
    </Filter>
    <Filter Include="2-Momentum">
      <UniqueIdentifier>{3d734788-5ecd-4f25-a884-648d33c96b8b}</UniqueIdentifier>
    </Filter>
    <Filter Include="3-ForceAccumulation">
      <UniqueIdentifier>{46bc1985-248a-45e6-920b-54c302eac7f5}</UniqueIdentifier>
    </Filter>
    <Filter Include="ParticleForceTools">
      <UniqueIdentifier>{36033cf1-25a3-46af-a7b2-c058a3dd007f}</UniqueIdentifier>
    </Filter>
    <Filter Include="4-DragForce">
      <UniqueIdentifier>{ae0917c1-0563-4e17-bbd6-e7d8cb0168f8}</UniqueIdentifier>
    </Filter>
    <Filter Include="5-Springs">
      <UniqueIdentifier>{81861838-edeb-4b65-b05f-2beed9e9a576}</UniqueIdentifier>
    </Filter>
    <Filter Include="ParticleForceTools\ForceGenerators">
      <UniqueIdentifier>{4d277e64-fbd0-4f1c-94b7-c8337c83121c}</UniqueIdentifier>
    </Filter>
    <Filter Include="6-MultipleSprings">
      <UniqueIdentifier>{66fce925-4eec-4412-a21b-9ccf696c36e6}</UniqueIdentifier>
    </Filter>
    <Filter Include="7-OneDimensionalCollision">
      <UniqueIdentifier>{4aaaad5e-8bdd-486c-92ff-6fc523b77923}</UniqueIdentifier>
    </Filter>
    <Filter Include="ParticleCollisionTools">
      <UniqueIdentifier>{27766924-579e-4bb1-a0a9-7acc7ea55d80}</UniqueIdentifier>
    </Filter>
  </ItemGroup>
  <ItemGroup>
    <ResourceCompile Include="Physics.rc" />
  </ItemGroup>
</Project>