<?xml version="1.0" encoding="utf-8"?>
<Project ToolsVersion="4.0" xmlns="http://schemas.microsoft.com/developer/msbuild/2003">
  <ItemGroup>
    <Filter Include="Math">
      <UniqueIdentifier>{adfc22b5-bc5d-4f6f-ad95-cf84bafdd2e8}</UniqueIdentifier>
    </Filter>
  </ItemGroup>
  <ItemGroup>
    <ClCompile Include="Random.cpp">
      <Filter>Math</Filter>
    </ClCompile>
    <ClCompile Include="Engine.cpp" />
    <ClCompile Include="dllmain.cpp" />
    <ClCompile Include="Profiler.cpp" />
  </ItemGroup>
  <ItemGroup>
    <ClInclude Include="Vector2D.h">
      <Filter>Math</Filter>
    </ClInclude>
    <ClInclude Include="Matrix2D.h">
      <Filter>Math</Filter>
    </ClInclude>
    <ClInclude Include="Vector3D.h">
      <Filter>Math</Filter>
    </ClInclude>
    <ClInclude Include="Matrix3D.h">
      <Filter>Math</Filter>
    </ClInclude>
    <ClInclude Include="Random.h">
      <Filter>Math</Filter>
    </ClInclude>
    <ClInclude Include="Engine.h" />
    <ClInclude Include="ExportHeader.h" />
    <ClInclude Include="Particle.h" />
    <ClInclude Include="Profiler.h" />
  </ItemGroup>
</Project>